
Microsoft Visual Studio Solution File, Format Version 12.00
# Visual Studio Version 16
VisualStudioVersion = 16.0.30011.22
MinimumVisualStudioVersion = 10.0.40219.1
Project("{FAE04EC0-301F-11D3-BF4B-00C04F79EFBC}") = "DockerSqlServer", "DockerSqlServer\DockerSqlServer.csproj", "{646146F8-44C0-4C32-B920-120C1D929B3F}"
EndProject
Project("{E53339B2-1760-4266-BCC7-CA923CBCF16C}") = "docker-compose", "docker-compose.dcproj", "{6776A914-126B-4044-A4EA-49D62F00CF60}"
EndProject
Global
	GlobalSection(SolutionConfigurationPlatforms) = preSolution
		Debug|Any CPU = Debug|Any CPU
		Release|Any CPU = Release|Any CPU
	EndGlobalSection
	GlobalSection(ProjectConfigurationPlatforms) = postSolution
		{646146F8-44C0-4C32-B920-120C1D929B3F}.Debug|Any CPU.ActiveCfg = Debug|Any CPU
		{646146F8-44C0-4C32-B920-120C1D929B3F}.Debug|Any CPU.Build.0 = Debug|Any CPU
		{646146F8-44C0-4C32-B920-120C1D929B3F}.Release|Any CPU.ActiveCfg = Release|Any CPU
		{646146F8-44C0-4C32-B920-120C1D929B3F}.Release|Any CPU.Build.0 = Release|Any CPU
		{6776A914-126B-4044-A4EA-49D62F00CF60}.Debug|Any CPU.ActiveCfg = Debug|Any CPU
		{6776A914-126B-4044-A4EA-49D62F00CF60}.Debug|Any CPU.Build.0 = Debug|Any CPU
		{6776A914-126B-4044-A4EA-49D62F00CF60}.Release|Any CPU.ActiveCfg = Release|Any CPU
		{6776A914-126B-4044-A4EA-49D62F00CF60}.Release|Any CPU.Build.0 = Release|Any CPU
	EndGlobalSection
	GlobalSection(SolutionProperties) = preSolution
		HideSolutionNode = FALSE
	EndGlobalSection
	GlobalSection(ExtensibilityGlobals) = postSolution
		SolutionGuid = {88836C6A-B8E0-47D0-8A81-8707C27193FF}
	EndGlobalSection
EndGlobal
